
Microsoft Visual Studio Solution File, Format Version 12.00
# Visual Studio Version 16
VisualStudioVersion = 16.0.33927.289
MinimumVisualStudioVersion = 10.0.40219.1
Project("{FAE04EC0-301F-11D3-BF4B-00C04F79EFBC}") = "TimeWiz", "TimeWiz\TimeWiz.csproj", "{FF8F1B35-3C35-488D-B587-FFFC2FAEB846}"
EndProject
Project("{FAE04EC0-301F-11D3-BF4B-00C04F79EFBC}") = "MyTimeWizClassLib", "MyTimeWizClassLib\MyTimeWizClassLib.csproj", "{6AA51F45-4EA3-4F65-BB3A-72F4B7313041}"
EndProject
Global
	GlobalSection(SolutionConfigurationPlatforms) = preSolution
		Debug|Any CPU = Debug|Any CPU
		Release|Any CPU = Release|Any CPU
	EndGlobalSection
	GlobalSection(ProjectConfigurationPlatforms) = postSolution
		{FF8F1B35-3C35-488D-B587-FFFC2FAEB846}.Debug|Any CPU.ActiveCfg = Debug|Any CPU
		{FF8F1B35-3C35-488D-B587-FFFC2FAEB846}.Debug|Any CPU.Build.0 = Debug|Any CPU
		{FF8F1B35-3C35-488D-B587-FFFC2FAEB846}.Release|Any CPU.ActiveCfg = Release|Any CPU
		{FF8F1B35-3C35-488D-B587-FFFC2FAEB846}.Release|Any CPU.Build.0 = Release|Any CPU
		{6AA51F45-4EA3-4F65-BB3A-72F4B7313041}.Debug|Any CPU.ActiveCfg = Debug|Any CPU
		{6AA51F45-4EA3-4F65-BB3A-72F4B7313041}.Debug|Any CPU.Build.0 = Debug|Any CPU
		{6AA51F45-4EA3-4F65-BB3A-72F4B7313041}.Release|Any CPU.ActiveCfg = Release|Any CPU
		{6AA51F45-4EA3-4F65-BB3A-72F4B7313041}.Release|Any CPU.Build.0 = Release|Any CPU
	EndGlobalSection
	GlobalSection(SolutionProperties) = preSolution
		HideSolutionNode = FALSE
	EndGlobalSection
	GlobalSection(ExtensibilityGlobals) = postSolution
		SolutionGuid = {9F5F1C28-6D23-4F33-A034-E91744307A39}
	EndGlobalSection
EndGlobal
